Microsoft Visual Studio Solution File, Format Version 12.00
# Visual Studio Version 17
VisualStudioVersion = 17.7.34009.444
MinimumVisualStudioVersion = 10.0.40219.1
Project("{F184B08F-C81C-45F6-A57F-5ABD9991F28F}") = "DoorsPOS.WinApp", "DoorsPOS.WinApp.vbproj", "{DD74FF81-7468-4454-BBDE-6EE6CB678810}"
EndProject
Project("{F184B08F-C81C-45F6-A57F-5ABD9991F28F}") = "DoorsPOS.BusinessLayer", "..\DoorsPOS.BusinessLayer\DoorsPOS.BusinessLayer.vbproj", "{7043A835-99E3-4D1D-A4FA-6BE70B90909E}"
EndProject
Project("{F184B08F-C81C-45F6-A57F-5ABD9991F28F}") = "DoorsPOS.DataLayer", "..\DoorsPOS.DataLayer\DoorsPOS.DataLayer.vbproj", "{3A68FB4E-3946-448D-AF37-8353C7D25890}"
EndProject
Project("{F184B08F-C81C-45F6-A57F-5ABD9991F28F}") = "DoorsPOS.Utility", "..\DoorsPOS.Utility\DoorsPOS.Utility.vbproj", "{53C68347-714D-4D92-9EF2-44BC951FF999}"
EndProject
Project("{54435603-DBB4-11D2-8724-00A0C9A8B90C}") = "Terminal1Setup", "..\Terminal1Setup\Terminal1Setup.vdproj", "{0E3DB244-C4B8-4D0A-A006-4DC3DDD1958E}"
EndProject
Global
	GlobalSection(SolutionConfigurationPlatforms) = preSolution
		CD_ROM|Any CPU = CD_ROM|Any CPU
		CD_ROM|x86 = CD_ROM|x86
		Debug|Any CPU = Debug|Any CPU
		Debug|x86 = Debug|x86
		DVD-5|Any CPU = DVD-5|Any CPU
		DVD-5|x86 = DVD-5|x86
		Release|Any CPU = Release|Any CPU
		Release|x86 = Release|x86
		SingleImage|Any CPU = SingleImage|Any CPU
		SingleImage|x86 = SingleImage|x86
	EndGlobalSection
	GlobalSection(ProjectConfigurationPlatforms) = postSolution
		{DD74FF81-7468-4454-BBDE-6EE6CB678810}.CD_ROM|Any CPU.ActiveCfg = Release|Any CPU
		{DD74FF81-7468-4454-BBDE-6EE6CB678810}.CD_ROM|Any CPU.Build.0 = Release|Any CPU
		{DD74FF81-7468-4454-BBDE-6EE6CB678810}.CD_ROM|x86.ActiveCfg = Debug|Any CPU
		{DD74FF81-7468-4454-BBDE-6EE6CB678810}.CD_ROM|x86.Build.0 = Debug|Any CPU
		{DD74FF81-7468-4454-BBDE-6EE6CB678810}.Debug|Any CPU.ActiveCfg = Debug|Any CPU
		{DD74FF81-7468-4454-BBDE-6EE6CB678810}.Debug|Any CPU.Build.0 = Debug|Any CPU
		{DD74FF81-7468-4454-BBDE-6EE6CB678810}.Debug|x86.ActiveCfg = Debug|Any CPU
		{DD74FF81-7468-4454-BBDE-6EE6CB678810}.Debug|x86.Build.0 = Debug|Any CPU
		{DD74FF81-7468-4454-BBDE-6EE6CB678810}.DVD-5|Any CPU.ActiveCfg = Debug|Any CPU
		{DD74FF81-7468-4454-BBDE-6EE6CB678810}.DVD-5|Any CPU.Build.0 = Debug|Any CPU
		{DD74FF81-7468-4454-BBDE-6EE6CB678810}.DVD-5|x86.ActiveCfg = Debug|Any CPU
		{DD74FF81-7468-4454-BBDE-6EE6CB678810}.DVD-5|x86.Build.0 = Debug|Any CPU
		{DD74FF81-7468-4454-BBDE-6EE6CB678810}.Release|Any CPU.ActiveCfg = Release|Any CPU
		{DD74FF81-7468-4454-BBDE-6EE6CB678810}.Release|Any CPU.Build.0 = Release|Any CPU
		{DD74FF81-7468-4454-BBDE-6EE6CB678810}.Release|x86.ActiveCfg = Release|Any CPU
		{DD74FF81-7468-4454-BBDE-6EE6CB678810}.Release|x86.Build.0 = Release|Any CPU
		{DD74FF81-7468-4454-BBDE-6EE6CB678810}.SingleImage|Any CPU.ActiveCfg = Release|Any CPU
		{DD74FF81-7468-4454-BBDE-6EE6CB678810}.SingleImage|Any CPU.Build.0 = Release|Any CPU
		{DD74FF81-7468-4454-BBDE-6EE6CB678810}.SingleImage|x86.ActiveCfg = Debug|Any CPU
		{DD74FF81-7468-4454-BBDE-6EE6CB678810}.SingleImage|x86.Build.0 = Debug|Any CPU
		{7043A835-99E3-4D1D-A4FA-6BE70B90909E}.CD_ROM|Any CPU.ActiveCfg = Release|Any CPU
		{7043A835-99E3-4D1D-A4FA-6BE70B90909E}.CD_ROM|Any CPU.Build.0 = Release|Any CPU
		{7043A835-99E3-4D1D-A4FA-6BE70B90909E}.CD_ROM|x86.ActiveCfg = Debug|Any CPU
		{7043A835-99E3-4D1D-A4FA-6BE70B90909E}.CD_ROM|x86.Build.0 = Debug|Any CPU
		{7043A835-99E3-4D1D-A4FA-6BE70B90909E}.Debug|Any CPU.ActiveCfg = Debug|Any CPU
		{7043A835-99E3-4D1D-A4FA-6BE70B90909E}.Debug|Any CPU.Build.0 = Debug|Any CPU
		{7043A835-99E3-4D1D-A4FA-6BE70B90909E}.Debug|x86.ActiveCfg = Debug|Any CPU
		{7043A835-99E3-4D1D-A4FA-6BE70B90909E}.Debug|x86.Build.0 = Debug|Any CPU
		{7043A835-99E3-4D1D-A4FA-6BE70B90909E}.DVD-5|Any CPU.ActiveCfg = Debug|Any CPU
		{7043A835-99E3-4D1D-A4FA-6BE70B90909E}.DVD-5|Any CPU.Build.0 = Debug|Any CPU
		{7043A835-99E3-4D1D-A4FA-6BE70B90909E}.DVD-5|x86.ActiveCfg = Debug|Any CPU
		{7043A835-99E3-4D1D-A4FA-6BE70B90909E}.DVD-5|x86.Build.0 = Debug|Any CPU
		{7043A835-99E3-4D1D-A4FA-6BE70B90909E}.Release|Any CPU.ActiveCfg = Release|Any CPU
		{7043A835-99E3-4D1D-A4FA-6BE70B90909E}.Release|Any CPU.Build.0 = Release|Any CPU
		{7043A835-99E3-4D1D-A4FA-6BE70B90909E}.Release|x86.ActiveCfg = Release|Any CPU
		{7043A835-99E3-4D1D-A4FA-6BE70B90909E}.Release|x86.Build.0 = Release|Any CPU
		{7043A835-99E3-4D1D-A4FA-6BE70B90909E}.SingleImage|Any CPU.ActiveCfg = Release|Any CPU
		{7043A835-99E3-4D1D-A4FA-6BE70B90909E}.SingleImage|Any CPU.Build.0 = Release|Any CPU
		{7043A835-99E3-4D1D-A4FA-6BE70B90909E}.SingleImage|x86.ActiveCfg = Debug|Any CPU
		{7043A835-99E3-4D1D-A4FA-6BE70B90909E}.SingleImage|x86.Build.0 = Debug|Any CPU
		{3A68FB4E-3946-448D-AF37-8353C7D25890}.CD_ROM|Any CPU.ActiveCfg = Release|Any CPU
		{3A68FB4E-3946-448D-AF37-8353C7D25890}.CD_ROM|Any CPU.Build.0 = Release|Any CPU
		{3A68FB4E-3946-448D-AF37-8353C7D25890}.CD_ROM|x86.ActiveCfg = Debug|Any CPU
		{3A68FB4E-3946-448D-AF37-8353C7D25890}.CD_ROM|x86.Build.0 = Debug|Any CPU
		{3A68FB4E-3946-448D-AF37-8353C7D25890}.Debug|Any CPU.ActiveCfg = Debug|Any CPU
		{3A68FB4E-3946-448D-AF37-8353C7D25890}.Debug|Any CPU.Build.0 = Debug|Any CPU
		{3A68FB4E-3946-448D-AF37-8353C7D25890}.Debug|x86.ActiveCfg = Debug|Any CPU
		{3A68FB4E-3946-448D-AF37-8353C7D25890}.Debug|x86.Build.0 = Debug|Any CPU
		{3A68FB4E-3946-448D-AF37-8353C7D25890}.DVD-5|Any CPU.ActiveCfg = Debug|Any CPU
		{3A68FB4E-3946-448D-AF37-8353C7D25890}.DVD-5|Any CPU.Build.0 = Debug|Any CPU
		{3A68FB4E-3946-448D-AF37-8353C7D25890}.DVD-5|x86.ActiveCfg = Debug|Any CPU
		{3A68FB4E-3946-448D-AF37-8353C7D25890}.DVD-5|x86.Build.0 = Debug|Any CPU
		{3A68FB4E-3946-448D-AF37-8353C7D25890}.Release|Any CPU.ActiveCfg = Release|Any CPU
		{3A68FB4E-3946-448D-AF37-8353C7D25890}.Release|Any CPU.Build.0 = Release|Any CPU
		{3A68FB4E-3946-448D-AF37-8353C7D25890}.Release|x86.ActiveCfg = Release|Any CPU
		{3A68FB4E-3946-448D-AF37-8353C7D25890}.Release|x86.Build.0 = Release|Any CPU
		{3A68FB4E-3946-448D-AF37-8353C7D25890}.SingleImage|Any CPU.ActiveCfg = Release|Any CPU
		{3A68FB4E-3946-448D-AF37-8353C7D25890}.SingleImage|Any CPU.Build.0 = Release|Any CPU
		{3A68FB4E-3946-448D-AF37-8353C7D25890}.SingleImage|x86.ActiveCfg = Debug|Any CPU
		{3A68FB4E-3946-448D-AF37-8353C7D25890}.SingleImage|x86.Build.0 = Debug|Any CPU
		{53C68347-714D-4D92-9EF2-44BC951FF999}.CD_ROM|Any CPU.ActiveCfg = Release|Any CPU
		{53C68347-714D-4D92-9EF2-44BC951FF999}.CD_ROM|Any CPU.Build.0 = Release|Any CPU
		{53C68347-714D-4D92-9EF2-44BC951FF999}.CD_ROM|x86.ActiveCfg = Debug|Any CPU
		{53C68347-714D-4D92-9EF2-44BC951FF999}.CD_ROM|x86.Build.0 = Debug|Any CPU
		{53C68347-714D-4D92-9EF2-44BC951FF999}.Debug|Any CPU.ActiveCfg = Debug|Any CPU
		{53C68347-714D-4D92-9EF2-44BC951FF999}.Debug|Any CPU.Build.0 = Debug|Any CPU
		{53C68347-714D-4D92-9EF2-44BC951FF999}.Debug|x86.ActiveCfg = Debug|Any CPU
		{53C68347-714D-4D92-9EF2-44BC951FF999}.Debug|x86.Build.0 = Debug|Any CPU
		{53C68347-714D-4D92-9EF2-44BC951FF999}.DVD-5|Any CPU.ActiveCfg = Debug|Any CPU
		{53C68347-714D-4D92-9EF2-44BC951FF999}.DVD-5|Any CPU.Build.0 = Debug|Any CPU
		{53C68347-714D-4D92-9EF2-44BC951FF999}.DVD-5|x86.ActiveCfg = Debug|Any CPU
		{53C68347-714D-4D92-9EF2-44BC951FF999}.DVD-5|x86.Build.0 = Debug|Any CPU
		{53C68347-714D-4D92-9EF2-44BC951FF999}.Release|Any CPU.ActiveCfg = Release|Any CPU
		{53C68347-714D-4D92-9EF2-44BC951FF999}.Release|Any CPU.Build.0 = Release|Any CPU
		{53C68347-714D-4D92-9EF2-44BC951FF999}.Release|x86.ActiveCfg = Release|Any CPU
		{53C68347-714D-4D92-9EF2-44BC951FF999}.Release|x86.Build.0 = Release|Any CPU
		{53C68347-714D-4D92-9EF2-44BC951FF999}.SingleImage|Any CPU.ActiveCfg = Release|Any CPU
		{53C68347-714D-4D92-9EF2-44BC951FF999}.SingleImage|Any CPU.Build.0 = Release|Any CPU
		{53C68347-714D-4D92-9EF2-44BC951FF999}.SingleImage|x86.ActiveCfg = Debug|Any CPU
		{53C68347-714D-4D92-9EF2-44BC951FF999}.SingleImage|x86.Build.0 = Debug|Any CPU
		{0E3DB244-C4B8-4D0A-A006-4DC3DDD1958E}.CD_ROM|Any CPU.ActiveCfg = Debug
		{0E3DB244-C4B8-4D0A-A006-4DC3DDD1958E}.CD_ROM|x86.ActiveCfg = Debug
		{0E3DB244-C4B8-4D0A-A006-4DC3DDD1958E}.Debug|Any CPU.ActiveCfg = Debug
		{0E3DB244-C4B8-4D0A-A006-4DC3DDD1958E}.Debug|x86.ActiveCfg = Debug
		{0E3DB244-C4B8-4D0A-A006-4DC3DDD1958E}.DVD-5|Any CPU.ActiveCfg = Debug
		{0E3DB244-C4B8-4D0A-A006-4DC3DDD1958E}.DVD-5|x86.ActiveCfg = Debug
		{0E3DB244-C4B8-4D0A-A006-4DC3DDD1958E}.Release|Any CPU.ActiveCfg = Release
		{0E3DB244-C4B8-4D0A-A006-4DC3DDD1958E}.Release|x86.ActiveCfg = Release
		{0E3DB244-C4B8-4D0A-A006-4DC3DDD1958E}.SingleImage|Any CPU.ActiveCfg = Debug
		{0E3DB244-C4B8-4D0A-A006-4DC3DDD1958E}.SingleImage|x86.ActiveCfg = Debug
	EndGlobalSection
	GlobalSection(SolutionProperties) = preSolution
		HideSolutionNode = FALSE
	EndGlobalSection
	GlobalSection(ExtensibilityGlobals) = postSolution
		SolutionGuid = {E91180CB-72CA-4E69-9BC9-14F8A9168EFB}
	EndGlobalSection
EndGlobal
